
Microsoft Visual Studio Solution File, Format Version 12.00
# Visual Studio Version 17
VisualStudioVersion = 17.9.34622.214
MinimumVisualStudioVersion = 10.0.40219.1
Project("{9A19103F-16F7-4668-BE54-9A1E7A4F7556}") = "final2", "ConsoleApp2\final2.csproj", "{BCB3C8A3-2A4F-41CA-A17E-606F2CCFBE43}"
EndProject
Project("{FAE04EC0-301F-11D3-BF4B-00C04F79EFBC}") = "final1", "final1\final1.csproj", "{39B775DE-76E2-4695-AE1B-BB697E3B7C0F}"
EndProject
Global
	GlobalSection(SolutionConfigurationPlatforms) = preSolution
		Debug|Any CPU = Debug|Any CPU
		Release|Any CPU = Release|Any CPU
	EndGlobalSection
	GlobalSection(ProjectConfigurationPlatforms) = postSolution
		{BCB3C8A3-2A4F-41CA-A17E-606F2CCFBE43}.Debug|Any CPU.ActiveCfg = Debug|Any CPU
		{BCB3C8A3-2A4F-41CA-A17E-606F2CCFBE43}.Debug|Any CPU.Build.0 = Debug|Any CPU
		{BCB3C8A3-2A4F-41CA-A17E-606F2CCFBE43}.Release|Any CPU.ActiveCfg = Release|Any CPU
		{BCB3C8A3-2A4F-41CA-A17E-606F2CCFBE43}.Release|Any CPU.Build.0 = Release|Any CPU
		{39B775DE-76E2-4695-AE1B-BB697E3B7C0F}.Debug|Any CPU.ActiveCfg = Debug|Any CPU
		{39B775DE-76E2-4695-AE1B-BB697E3B7C0F}.Debug|Any CPU.Build.0 = Debug|Any CPU
		{39B775DE-76E2-4695-AE1B-BB697E3B7C0F}.Release|Any CPU.ActiveCfg = Release|Any CPU
		{39B775DE-76E2-4695-AE1B-BB697E3B7C0F}.Release|Any CPU.Build.0 = Release|Any CPU
	EndGlobalSection
	GlobalSection(SolutionProperties) = preSolution
		HideSolutionNode = FALSE
	EndGlobalSection
	GlobalSection(ExtensibilityGlobals) = postSolution
		SolutionGuid = {BB2A953A-47A3-4A7B-8380-D9BD8EF5792C}
	EndGlobalSection
EndGlobal
